
Microsoft Visual Studio Solution File, Format Version 12.00
# Visual Studio Version 17
VisualStudioVersion = 17.5.33414.496
MinimumVisualStudioVersion = 10.0.40219.1
Project("{FAE04EC0-301F-11D3-BF4B-00C04F79EFBC}") = "WebApp", "WebApp\WebApp.csproj", "{6637410C-BA33-4D66-B1EF-CE0542DF6BCE}"
EndProject
Global
	GlobalSection(SolutionConfigurationPlatforms) = preSolution
		Debug|Any CPU = Debug|Any CPU
		Release|Any CPU = Release|Any CPU
	EndGlobalSection
	GlobalSection(ProjectConfigurationPlatforms) = postSolution
		{6637410C-BA33-4D66-B1EF-CE0542DF6BCE}.Debug|Any CPU.ActiveCfg = Debug|Any CPU
		{6637410C-BA33-4D66-B1EF-CE0542DF6BCE}.Debug|Any CPU.Build.0 = Debug|Any CPU
		{6637410C-BA33-4D66-B1EF-CE0542DF6BCE}.Release|Any CPU.ActiveCfg = Release|Any CPU
		{6637410C-BA33-4D66-B1EF-CE0542DF6BCE}.Release|Any CPU.Build.0 = Release|Any CPU
	EndGlobalSection
	GlobalSection(SolutionProperties) = preSolution
		HideSolutionNode = FALSE
	EndGlobalSection
	GlobalSection(ExtensibilityGlobals) = postSolution
		SolutionGuid = {2D84591A-F9E0-4D8F-9C81-E60EA303BE1F}
	EndGlobalSection
EndGlobal
